{
  "name": "candidate2020",
  "requires": true,
  "lockfileVersion": 1,
  "dependencies": {
    "jquery": {
      "version": "3.4.1",
      "resolved": "https://registry.npmjs.org/jquery/-/jquery-3.4.1.tgz",
      "integrity": "sha512-36+AdBzCL+y6qjw5Tx7HgzeGCzC81MDDgaUP8ld2zhx58HdqXGoBd+tHdrBMiyjGQs0Hxs/MLZTu/eHNJJuWPw=="
    },
    "jquery-twzipcode": {
      "version": "1.7.15-rc1",
      "resolved": "https://registry.npmjs.org/jquery-twzipcode/-/jquery-twzipcode-1.7.15-rc1.tgz",
      "integrity": "sha512-TRtLJZbgGvTR9pq0ySTVE/q23dj0zJZu2iBS4Kz9EiPXmLGPX0esEXBhwEa8UxOdHsn/+pBUaIYKjZ8sydEFWA==",
      "requires": {
        "jquery": ">=1.6"
      }
    }
  }
}
